// !$*UTF8*$!
{
	archiveVersion = 1;
	classes = {
	};
	objectVersion = 46;
	objects = {

/* Begin PBXBuildFile section */
		A7B5A1BC1DD197AF002BCC4E /* SimpleRequesterTests.swift in Sources */ = {isa = PBXBuildFile; fileRef = A7B5A1BB1DD197AF002BCC4E /* SimpleRequesterTests.swift */; };
		A7DCB3951DC831E900D9F47F /* SimpleRequester.swift in Sources */ = {isa = PBXBuildFile; fileRef = A7DCB3941DC831E900D9F47F /* SimpleRequester.swift */; };
		A7DCB3971DC8341900D9F47F /* URLSessionWrapper.swift in Sources */ = {isa = PBXBuildFile; fileRef = A7DCB3961DC8341900D9F47F /* URLSessionWrapper.swift */; };
		_LinkFileRef_SimpleDownloader_via_SimpleDownloaderTests /* SimpleDownloader.framework in Frameworks */ = {isa = PBXBuildFile; fileRef = "_____Product_SimpleDownloader" /* SimpleDownloader.framework */; };
		__src_cc_ref_Sources/SimpleDownloader.swift /* SimpleDownloader.swift in Sources */ = {isa = PBXBuildFile; fileRef = __PBXFileRef_Sources/SimpleDownloader.swift /* SimpleDownloader.swift */; };
		__src_cc_ref_Tests/SimpleDownloaderTests/SimpleDownloaderTests.swift /* SimpleDownloaderTests.swift in Sources */ = {isa = PBXBuildFile; fileRef = __PBXFileRef_Tests/SimpleDownloaderTests/SimpleDownloaderTests.swift /* SimpleDownloaderTests.swift */; };
/* End PBXBuildFile section */

/* Begin PBXContainerItemProxy section */
		A7DCB3931DC831D000D9F47F /* PBXContainerItemProxy */ = {
			isa = PBXContainerItemProxy;
			containerPortal = __RootObject_ /* Project object */;
			proxyType = 1;
			remoteGlobalIDString = "______Target_SimpleDownloader";
			remoteInfo = SimpleDownloader;
		};
/* End PBXContainerItemProxy section */

/* Begin PBXFileReference section */
		A7B5A1BB1DD197AF002BCC4E /* SimpleRequesterTests.swift */ = {isa = PBXFileReference; fileEncoding = 4; lastKnownFileType = sourcecode.swift; path = SimpleRequesterTests.swift; sourceTree = "<group>"; };
		A7DCB3941DC831E900D9F47F /* SimpleRequester.swift */ = {isa = PBXFileReference; fileEncoding = 4; lastKnownFileType = sourcecode.swift; path = SimpleRequester.swift; sourceTree = "<group>"; };
		A7DCB3961DC8341900D9F47F /* URLSessionWrapper.swift */ = {isa = PBXFileReference; fileEncoding = 4; lastKnownFileType = sourcecode.swift; path = URLSessionWrapper.swift; sourceTree = "<group>"; };
		__PBXFileRef_Package.swift /* Package.swift */ = {isa = PBXFileReference; lastKnownFileType = sourcecode.swift; path = Package.swift; sourceTree = "<group>"; };
		__PBXFileRef_SimpleDownloader.xcodeproj/Configs/Project.xcconfig /* SimpleDownloader.xcodeproj/Configs/Project.xcconfig */ = {isa = PBXFileReference; lastKnownFileType = text.xcconfig; path = SimpleDownloader.xcodeproj/Configs/Project.xcconfig; sourceTree = "<group>"; };
		__PBXFileRef_Sources/SimpleDownloader.swift /* SimpleDownloader.swift */ = {isa = PBXFileReference; lastKnownFileType = sourcecode.swift; path = SimpleDownloader.swift; sourceTree = "<group>"; };
		__PBXFileRef_Tests/SimpleDownloaderTests/SimpleDownloaderTests.swift /* SimpleDownloaderTests.swift */ = {isa = PBXFileReference; lastKnownFileType = sourcecode.swift; path = SimpleDownloaderTests.swift; sourceTree = "<group>"; };
		"_____Product_SimpleDownloader" /* SimpleDownloader.framework */ = {isa = PBXFileReference; explicitFileType = wrapper.framework; path = SimpleDownloader.framework; sourceTree = BUILT_PRODUCTS_DIR; };
		"_____Product_SimpleDownloaderTests" /* SimpleDownloaderTests.xctest */ = {isa = PBXFileReference; lastKnownFileType = file; path = SimpleDownloaderTests.xctest; sourceTree = BUILT_PRODUCTS_DIR; };
/* End PBXFileReference section */

/* Begin PBXFrameworksBuildPhase section */
		"___LinkPhase_SimpleDownloader" /* Frameworks */ = {
			isa = PBXFrameworksBuildPhase;
			buildActionMask = 0;
			files = (
			);
			runOnlyForDeploymentPostprocessing = 0;
		};
		"___LinkPhase_SimpleDownloaderTests" /* Frameworks */ = {
			isa = PBXFrameworksBuildPhase;
			buildActionMask = 0;
			files = (
				_LinkFileRef_SimpleDownloader_via_SimpleDownloaderTests /* SimpleDownloader.framework in Frameworks */,
			);
			runOnlyForDeploymentPostprocessing = 0;
		};
/* End PBXFrameworksBuildPhase section */

/* Begin PBXGroup section */
		TestProducts_ /* Tests */ = {
			isa = PBXGroup;
			children = (
				"_____Product_SimpleDownloaderTests" /* SimpleDownloaderTests.xctest */,
			);
			name = Tests;
			sourceTree = "<group>";
		};
		"___RootGroup_" = {
			isa = PBXGroup;
			children = (
				__PBXFileRef_Package.swift /* Package.swift */,
				"_____Configs_" /* Configs */,
				"_____Sources_" /* Sources */,
				"_______Tests_" /* Tests */,
				"____Products_" /* Products */,
			);
			sourceTree = "<group>";
		};
		"____Products_" /* Products */ = {
			isa = PBXGroup;
			children = (
				TestProducts_ /* Tests */,
				"_____Product_SimpleDownloader" /* SimpleDownloader.framework */,
			);
			name = Products;
			sourceTree = "<group>";
		};
		"_____Configs_" /* Configs */ = {
			isa = PBXGroup;
			children = (
				__PBXFileRef_SimpleDownloader.xcodeproj/Configs/Project.xcconfig /* SimpleDownloader.xcodeproj/Configs/Project.xcconfig */,
			);
			name = Configs;
			sourceTree = "<group>";
		};
		"_____Sources_" /* Sources */ = {
			isa = PBXGroup;
			children = (
				"_______Group_SimpleDownloader" /* SimpleDownloader */,
			);
			name = Sources;
			sourceTree = "<group>";
		};
		"_______Group_SimpleDownloader" /* SimpleDownloader */ = {
			isa = PBXGroup;
			children = (
				A7DCB3961DC8341900D9F47F /* URLSessionWrapper.swift */,
				A7DCB3941DC831E900D9F47F /* SimpleRequester.swift */,
				__PBXFileRef_Sources/SimpleDownloader.swift /* SimpleDownloader.swift */,
			);
			name = SimpleDownloader;
			path = Sources;
			sourceTree = "<group>";
		};
		"_______Group_SimpleDownloaderTests" /* SimpleDownloaderTests */ = {
			isa = PBXGroup;
			children = (
				__PBXFileRef_Tests/SimpleDownloaderTests/SimpleDownloaderTests.swift /* SimpleDownloaderTests.swift */,
				A7B5A1BB1DD197AF002BCC4E /* SimpleRequesterTests.swift */,
			);
			name = SimpleDownloaderTests;
			path = Tests/SimpleDownloaderTests;
			sourceTree = "<group>";
		};
		"_______Tests_" /* Tests */ = {
			isa = PBXGroup;
			children = (
				"_______Group_SimpleDownloaderTests" /* SimpleDownloaderTests */,
			);
			name = Tests;
			sourceTree = "<group>";
		};
/* End PBXGroup section */

/* Begin PBXNativeTarget section */
		"______Target_SimpleDownloader" /* SimpleDownloader */ = {
			isa = PBXNativeTarget;
			buildConfigurationList = "_______Confs_SimpleDownloader" /* Build configuration list for PBXNativeTarget "SimpleDownloader" */;
			buildPhases = (
				CompilePhase_SimpleDownloader /* Sources */,
				"___LinkPhase_SimpleDownloader" /* Frameworks */,
			);
			buildRules = (
			);
			dependencies = (
			);
			name = SimpleDownloader;
			productName = SimpleDownloader;
			productReference = "_____Product_SimpleDownloader" /* SimpleDownloader.framework */;
			productType = "com.apple.product-type.framework";
		};
		"______Target_SimpleDownloaderTests" /* SimpleDownloaderTests */ = {
			isa = PBXNativeTarget;
			buildConfigurationList = "_______Confs_SimpleDownloaderTests" /* Build configuration list for PBXNativeTarget "SimpleDownloaderTests" */;
			buildPhases = (
				CompilePhase_SimpleDownloaderTests /* Sources */,
				"___LinkPhase_SimpleDownloaderTests" /* Frameworks */,
			);
			buildRules = (
			);
			dependencies = (
				__Dependency_SimpleDownloader /* PBXTargetDependency */,
			);
			name = SimpleDownloaderTests;
			productName = SimpleDownloaderTests;
			productReference = "_____Product_SimpleDownloaderTests" /* SimpleDownloaderTests.xctest */;
			productType = "com.apple.product-type.bundle.unit-test";
		};
/* End PBXNativeTarget section */

/* Begin PBXProject section */
		__RootObject_ /* Project object */ = {
			isa = PBXProject;
			attributes = {
				LastUpgradeCheck = 9999;
			};
			buildConfigurationList = "___RootConfs_" /* Build configuration list for PBXProject "SimpleDownloader" */;
			compatibilityVersion = "Xcode 3.2";
			developmentRegion = English;
			hasScannedForEncodings = 0;
			knownRegions = (
				en,
			);
			mainGroup = "___RootGroup_";
			productRefGroup = "____Products_" /* Products */;
			projectDirPath = "";
			projectRoot = "";
			targets = (
				"______Target_SimpleDownloader" /* SimpleDownloader */,
				"______Target_SimpleDownloaderTests" /* SimpleDownloaderTests */,
			);
		};
/* End PBXProject section */

/* Begin PBXSourcesBuildPhase section */
		CompilePhase_SimpleDownloader /* Sources */ = {
			isa = PBXSourcesBuildPhase;
			buildActionMask = 0;
			files = (
				__src_cc_ref_Sources/SimpleDownloader.swift /* SimpleDownloader.swift in Sources */,
				A7DCB3951DC831E900D9F47F /* SimpleRequester.swift in Sources */,
				A7DCB3971DC8341900D9F47F /* URLSessionWrapper.swift in Sources */,
			);
			runOnlyForDeploymentPostprocessing = 0;
		};
		CompilePhase_SimpleDownloaderTests /* Sources */ = {
			isa = PBXSourcesBuildPhase;
			buildActionMask = 0;
			files = (
				A7B5A1BC1DD197AF002BCC4E /* SimpleRequesterTests.swift in Sources */,
				__src_cc_ref_Tests/SimpleDownloaderTests/SimpleDownloaderTests.swift /* SimpleDownloaderTests.swift in Sources */,
			);
			runOnlyForDeploymentPostprocessing = 0;
		};
/* End PBXSourcesBuildPhase section */

/* Begin PBXTargetDependency section */
		__Dependency_SimpleDownloader /* PBXTargetDependency */ = {
			isa = PBXTargetDependency;
			target = "______Target_SimpleDownloader" /* SimpleDownloader */;
			targetProxy = A7DCB3931DC831D000D9F47F /* PBXContainerItemProxy */;
		};
/* End PBXTargetDependency section */

/* Begin XCBuildConfiguration section */
		_ReleaseConf_SimpleDownloader /* Release */ = {
			isa = XCBuildConfiguration;
			buildSettings = {
				ENABLE_TESTABILITY = YES;
				FRAMEWORK_SEARCH_PATHS = "$(PLATFORM_DIR)/Developer/Library/Frameworks";
				INFOPLIST_FILE = SimpleDownloader.xcodeproj/SimpleDownloader_Info.plist;
				LD_RUNPATH_SEARCH_PATHS = "$(TOOLCHAIN_DIR)/usr/lib/swift/macosx";
				OTHER_LDFLAGS = "$(inherited)";
				OTHER_SWIFT_FLAGS = "$(inherited)";
				PRODUCT_BUNDLE_IDENTIFIER = SimpleDownloader;
				PRODUCT_MODULE_NAME = "$(TARGET_NAME:c99extidentifier)";
				PRODUCT_NAME = "$(TARGET_NAME:c99extidentifier)";
				SWIFT_VERSION = 3.0;
			};
			name = Release;
		};
		_ReleaseConf_SimpleDownloaderTests /* Release */ = {
			isa = XCBuildConfiguration;
			buildSettings = {
				EMBEDDED_CONTENT_CONTAINS_SWIFT = YES;
				FRAMEWORK_SEARCH_PATHS = "$(PLATFORM_DIR)/Developer/Library/Frameworks";
				INFOPLIST_FILE = SimpleDownloader.xcodeproj/SimpleDownloaderTests_Info.plist;
				LD_RUNPATH_SEARCH_PATHS = "@loader_path/../Frameworks";
				OTHER_LDFLAGS = "$(inherited)";
				OTHER_SWIFT_FLAGS = "$(inherited)";
				SWIFT_VERSION = 3.0;
			};
			name = Release;
		};
		"___DebugConf_SimpleDownloader" /* Debug */ = {
			isa = XCBuildConfiguration;
			buildSettings = {
				ENABLE_TESTABILITY = YES;
				FRAMEWORK_SEARCH_PATHS = "$(PLATFORM_DIR)/Developer/Library/Frameworks";
				INFOPLIST_FILE = SimpleDownloader.xcodeproj/SimpleDownloader_Info.plist;
				LD_RUNPATH_SEARCH_PATHS = "$(TOOLCHAIN_DIR)/usr/lib/swift/macosx";
				OTHER_LDFLAGS = "$(inherited)";
				OTHER_SWIFT_FLAGS = "$(inherited)";
				PRODUCT_BUNDLE_IDENTIFIER = SimpleDownloader;
				PRODUCT_MODULE_NAME = "$(TARGET_NAME:c99extidentifier)";
				PRODUCT_NAME = "$(TARGET_NAME:c99extidentifier)";
				SWIFT_OPTIMIZATION_LEVEL = "-Onone";
				SWIFT_VERSION = 3.0;
			};
			name = Debug;
		};
		"___DebugConf_SimpleDownloaderTests" /* Debug */ = {
			isa = XCBuildConfiguration;
			buildSettings = {
				EMBEDDED_CONTENT_CONTAINS_SWIFT = YES;
				FRAMEWORK_SEARCH_PATHS = "$(PLATFORM_DIR)/Developer/Library/Frameworks";
				INFOPLIST_FILE = SimpleDownloader.xcodeproj/SimpleDownloaderTests_Info.plist;
				LD_RUNPATH_SEARCH_PATHS = "@loader_path/../Frameworks";
				OTHER_LDFLAGS = "$(inherited)";
				OTHER_SWIFT_FLAGS = "$(inherited)";
				SWIFT_OPTIMIZATION_LEVEL = "-Onone";
				SWIFT_VERSION = 3.0;
			};
			name = Debug;
		};
		"_____Release_" /* Release */ = {
			isa = XCBuildConfiguration;
			baseConfigurationReference = __PBXFileRef_SimpleDownloader.xcodeproj/Configs/Project.xcconfig /* SimpleDownloader.xcodeproj/Configs/Project.xcconfig */;
			buildSettings = {
			};
			name = Release;
		};
		"_______Debug_" /* Debug */ = {
			isa = XCBuildConfiguration;
			baseConfigurationReference = __PBXFileRef_SimpleDownloader.xcodeproj/Configs/Project.xcconfig /* SimpleDownloader.xcodeproj/Configs/Project.xcconfig */;
			buildSettings = {
			};
			name = Debug;
		};
/* End XCBuildConfiguration section */

/* Begin XCConfigurationList section */
		"___RootConfs_" /* Build configuration list for PBXProject "SimpleDownloader" */ = {
			isa = XCConfigurationList;
			buildConfigurations = (
				"_______Debug_" /* Debug */,
				"_____Release_" /* Release */,
			);
			defaultConfigurationIsVisible = 0;
			defaultConfigurationName = Debug;
		};
		"_______Confs_SimpleDownloader" /* Build configuration list for PBXNativeTarget "SimpleDownloader" */ = {
			isa = XCConfigurationList;
			buildConfigurations = (
				"___DebugConf_SimpleDownloader" /* Debug */,
				_ReleaseConf_SimpleDownloader /* Release */,
			);
			defaultConfigurationIsVisible = 0;
			defaultConfigurationName = Debug;
		};
		"_______Confs_SimpleDownloaderTests" /* Build configuration list for PBXNativeTarget "SimpleDownloaderTests" */ = {
			isa = XCConfigurationList;
			buildConfigurations = (
				"___DebugConf_SimpleDownloaderTests" /* Debug */,
				_ReleaseConf_SimpleDownloaderTests /* Release */,
			);
			defaultConfigurationIsVisible = 0;
			defaultConfigurationName = Debug;
		};
/* End XCConfigurationList section */
	};
	rootObject = __RootObject_ /* Project object */;
}
